
Microsoft Visual Studio Solution File, Format Version 12.00
# Visual Studio 15
VisualStudioVersion = 15.0.28307.168
MinimumVisualStudioVersion = 10.0.40219.1
Project("{FAE04EC0-301F-11D3-BF4B-00C04F79EFBC}") = "DoubleArray", "DoubleArray\DoubleArray.csproj", "{6B968FDA-8CAF-4440-9FC8-E1DF03D3FCAB}"
EndProject
Global
	GlobalSection(SolutionConfigurationPlatforms) = preSolution
		Debug|Any CPU = Debug|Any CPU
		Release|Any CPU = Release|Any CPU
	EndGlobalSection
	GlobalSection(ProjectConfigurationPlatforms) = postSolution
		{6B968FDA-8CAF-4440-9FC8-E1DF03D3FCAB}.Debug|Any CPU.ActiveCfg = Debug|Any CPU
		{6B968FDA-8CAF-4440-9FC8-E1DF03D3FCAB}.Debug|Any CPU.Build.0 = Debug|Any CPU
		{6B968FDA-8CAF-4440-9FC8-E1DF03D3FCAB}.Release|Any CPU.ActiveCfg = Release|Any CPU
		{6B968FDA-8CAF-4440-9FC8-E1DF03D3FCAB}.Release|Any CPU.Build.0 = Release|Any CPU
	EndGlobalSection
	GlobalSection(SolutionProperties) = preSolution
		HideSolutionNode = FALSE
	EndGlobalSection
	GlobalSection(ExtensibilityGlobals) = postSolution
		SolutionGuid = {ABF9FC50-8F70-42FB-A86A-D9EA0301418B}
	EndGlobalSection
EndGlobal
